
Microsoft Visual Studio Solution File, Format Version 12.00
# Visual Studio Version 17
VisualStudioVersion = 17.14.36327.8 d17.14
MinimumVisualStudioVersion = 10.0.40219.1
Project("{8BC9CEB8-8B4A-11D0-8D11-00A0C91BC942}") = "data_structure_02_class", "data_structure_02_class.vcxproj", "{8E3BEAFC-86BA-450F-9B99-538C2F592AE2}"
EndProject
Global
	GlobalSection(SolutionConfigurationPlatforms) = preSolution
		Debug|x64 = Debug|x64
		Debug|x86 = Debug|x86
		Release|x64 = Release|x64
		Release|x86 = Release|x86
	EndGlobalSection
	GlobalSection(ProjectConfigurationPlatforms) = postSolution
		{8E3BEAFC-86BA-450F-9B99-538C2F592AE2}.Debug|x64.ActiveCfg = Debug|x64
		{8E3BEAFC-86BA-450F-9B99-538C2F592AE2}.Debug|x64.Build.0 = Debug|x64
		{8E3BEAFC-86BA-450F-9B99-538C2F592AE2}.Debug|x86.ActiveCfg = Debug|Win32
		{8E3BEAFC-86BA-450F-9B99-538C2F592AE2}.Debug|x86.Build.0 = Debug|Win32
		{8E3BEAFC-86BA-450F-9B99-538C2F592AE2}.Release|x64.ActiveCfg = Release|x64
		{8E3BEAFC-86BA-450F-9B99-538C2F592AE2}.Release|x64.Build.0 = Release|x64
		{8E3BEAFC-86BA-450F-9B99-538C2F592AE2}.Release|x86.ActiveCfg = Release|Win32
		{8E3BEAFC-86BA-450F-9B99-538C2F592AE2}.Release|x86.Build.0 = Release|Win32
	EndGlobalSection
	GlobalSection(SolutionProperties) = preSolution
		HideSolutionNode = FALSE
	EndGlobalSection
	GlobalSection(ExtensibilityGlobals) = postSolution
		SolutionGuid = {6EF15868-D3FD-4B3D-A9F7-DDD6E771C0D2}
	EndGlobalSection
EndGlobal
